
Microsoft Visual Studio Solution File, Format Version 12.00
# Visual Studio 15
VisualStudioVersion = 15.0.27703.2042
MinimumVisualStudioVersion = 10.0.40219.1
Project("{FAE04EC0-301F-11D3-BF4B-00C04F79EFBC}") = "Tieto.TSU.EventSender", "Tieto.TSU.EventSender\Tieto.TSU.EventSender.csproj", "{FA9FEC08-E930-4702-874A-DE64C22EAFBA}"
EndProject
Global
	GlobalSection(SolutionConfigurationPlatforms) = preSolution
		Debug|Any CPU = Debug|Any CPU
		Release|Any CPU = Release|Any CPU
	EndGlobalSection
	GlobalSection(ProjectConfigurationPlatforms) = postSolution
		{FA9FEC08-E930-4702-874A-DE64C22EAFBA}.Debug|Any CPU.ActiveCfg = Debug|Any CPU
		{FA9FEC08-E930-4702-874A-DE64C22EAFBA}.Debug|Any CPU.Build.0 = Debug|Any CPU
		{FA9FEC08-E930-4702-874A-DE64C22EAFBA}.Release|Any CPU.ActiveCfg = Release|Any CPU
		{FA9FEC08-E930-4702-874A-DE64C22EAFBA}.Release|Any CPU.Build.0 = Release|Any CPU
	EndGlobalSection
	GlobalSection(SolutionProperties) = preSolution
		HideSolutionNode = FALSE
	EndGlobalSection
	GlobalSection(ExtensibilityGlobals) = postSolution
		SolutionGuid = {50070A6E-A8D0-45A4-865C-6AEC551F3E25}
	EndGlobalSection
EndGlobal
